
Microsoft Visual Studio Solution File, Format Version 12.00
# Visual Studio Version 16
VisualStudioVersion = 16.0.33214.272
MinimumVisualStudioVersion = 10.0.40219.1
Project("{FAE04EC0-301F-11D3-BF4B-00C04F79EFBC}") = "MyFirstWebAppASPDotNetFramework", "MyFirstWebAppASPDotNetFramework\MyFirstWebAppASPDotNetFramework.csproj", "{2BCB37AC-205B-4732-A5C7-69C68EA6FE52}"
EndProject
Global
	GlobalSection(SolutionConfigurationPlatforms) = preSolution
		Debug|Any CPU = Debug|Any CPU
		Release|Any CPU = Release|Any CPU
	EndGlobalSection
	GlobalSection(ProjectConfigurationPlatforms) = postSolution
		{2BCB37AC-205B-4732-A5C7-69C68EA6FE52}.Debug|Any CPU.ActiveCfg = Debug|Any CPU
		{2BCB37AC-205B-4732-A5C7-69C68EA6FE52}.Debug|Any CPU.Build.0 = Debug|Any CPU
		{2BCB37AC-205B-4732-A5C7-69C68EA6FE52}.Release|Any CPU.ActiveCfg = Release|Any CPU
		{2BCB37AC-205B-4732-A5C7-69C68EA6FE52}.Release|Any CPU.Build.0 = Release|Any CPU
	EndGlobalSection
	GlobalSection(SolutionProperties) = preSolution
		HideSolutionNode = FALSE
	EndGlobalSection
	GlobalSection(ExtensibilityGlobals) = postSolution
		SolutionGuid = {ED897592-A685-4D94-87A8-A0F5AB48383A}
	EndGlobalSection
EndGlobal
